
Microsoft Visual Studio Solution File, Format Version 12.00
# Visual Studio Version 16
VisualStudioVersion = 16.0.29519.87
MinimumVisualStudioVersion = 10.0.40219.1
Project("{2150E333-8FDC-42A3-9474-1A3956D46DE8}") = "src", "src", "{2B06726B-CB75-4F02-A49A-7B7A09CAC2A9}"
EndProject
Project("{2150E333-8FDC-42A3-9474-1A3956D46DE8}") = "tests", "tests", "{9BF84C97-F307-4B24-991E-9339D6609E02}"
EndProject
Project("{FAE04EC0-301F-11D3-BF4B-00C04F79EFBC}") = "Brainf", "src\Brainf\Brainf.csproj", "{6755B260-05F1-483F-9F9D-AD104BFCD301}"
EndProject
Project("{FAE04EC0-301F-11D3-BF4B-00C04F79EFBC}") = "Brainf.Tests", "tests\Brainf.Tests\Brainf.Tests.csproj", "{8B0DA8B9-DEB5-43E0-9E64-C3F046A26934}"
EndProject
Project("{FAE04EC0-301F-11D3-BF4B-00C04F79EFBC}") = "Brainf.Benchmarks", "tests\Brainf.Benchmarks\Brainf.Benchmarks.csproj", "{CFBC9B31-ACFE-4C5B-A85C-EBB9232AA597}"
EndProject
Global
	GlobalSection(SolutionConfigurationPlatforms) = preSolution
		Debug|Any CPU = Debug|Any CPU
		Release|Any CPU = Release|Any CPU
	EndGlobalSection
	GlobalSection(ProjectConfigurationPlatforms) = postSolution
		{6755B260-05F1-483F-9F9D-AD104BFCD301}.Debug|Any CPU.ActiveCfg = Debug|Any CPU
		{6755B260-05F1-483F-9F9D-AD104BFCD301}.Debug|Any CPU.Build.0 = Debug|Any CPU
		{6755B260-05F1-483F-9F9D-AD104BFCD301}.Release|Any CPU.ActiveCfg = Release|Any CPU
		{6755B260-05F1-483F-9F9D-AD104BFCD301}.Release|Any CPU.Build.0 = Release|Any CPU
		{8B0DA8B9-DEB5-43E0-9E64-C3F046A26934}.Debug|Any CPU.ActiveCfg = Debug|Any CPU
		{8B0DA8B9-DEB5-43E0-9E64-C3F046A26934}.Debug|Any CPU.Build.0 = Debug|Any CPU
		{8B0DA8B9-DEB5-43E0-9E64-C3F046A26934}.Release|Any CPU.ActiveCfg = Release|Any CPU
		{8B0DA8B9-DEB5-43E0-9E64-C3F046A26934}.Release|Any CPU.Build.0 = Release|Any CPU
		{CFBC9B31-ACFE-4C5B-A85C-EBB9232AA597}.Debug|Any CPU.ActiveCfg = Debug|Any CPU
		{CFBC9B31-ACFE-4C5B-A85C-EBB9232AA597}.Debug|Any CPU.Build.0 = Debug|Any CPU
		{CFBC9B31-ACFE-4C5B-A85C-EBB9232AA597}.Release|Any CPU.ActiveCfg = Release|Any CPU
		{CFBC9B31-ACFE-4C5B-A85C-EBB9232AA597}.Release|Any CPU.Build.0 = Release|Any CPU
	EndGlobalSection
	GlobalSection(SolutionProperties) = preSolution
		HideSolutionNode = FALSE
	EndGlobalSection
	GlobalSection(NestedProjects) = preSolution
		{6755B260-05F1-483F-9F9D-AD104BFCD301} = {2B06726B-CB75-4F02-A49A-7B7A09CAC2A9}
		{8B0DA8B9-DEB5-43E0-9E64-C3F046A26934} = {9BF84C97-F307-4B24-991E-9339D6609E02}
		{CFBC9B31-ACFE-4C5B-A85C-EBB9232AA597} = {9BF84C97-F307-4B24-991E-9339D6609E02}
	EndGlobalSection
	GlobalSection(ExtensibilityGlobals) = postSolution
		SolutionGuid = {E97ACC40-023B-4F87-86AF-758B76C26900}
	EndGlobalSection
EndGlobal
